
Microsoft Visual Studio Solution File, Format Version 12.00
# Visual Studio 15
VisualStudioVersion = 15.0.28307.572
MinimumVisualStudioVersion = 10.0.40219.1
Project("{FAE04EC0-301F-11D3-BF4B-00C04F79EFBC}") = "WebApplication1", "WebApplication1\WebApplication1.csproj", "{1849212B-F3E2-4FF2-A24B-E309ED49E509}"
EndProject
Global
	GlobalSection(SolutionConfigurationPlatforms) = preSolution
		Debug|Any CPU = Debug|Any CPU
		Release|Any CPU = Release|Any CPU
	EndGlobalSection
	GlobalSection(ProjectConfigurationPlatforms) = postSolution
		{1849212B-F3E2-4FF2-A24B-E309ED49E509}.Debug|Any CPU.ActiveCfg = Debug|Any CPU
		{1849212B-F3E2-4FF2-A24B-E309ED49E509}.Debug|Any CPU.Build.0 = Debug|Any CPU
		{1849212B-F3E2-4FF2-A24B-E309ED49E509}.Release|Any CPU.ActiveCfg = Release|Any CPU
		{1849212B-F3E2-4FF2-A24B-E309ED49E509}.Release|Any CPU.Build.0 = Release|Any CPU
	EndGlobalSection
	GlobalSection(SolutionProperties) = preSolution
		HideSolutionNode = FALSE
	EndGlobalSection
	GlobalSection(ExtensibilityGlobals) = postSolution
		SolutionGuid = {D9071961-DDD4-4C5A-9070-E0F447E74540}
	EndGlobalSection
EndGlobal
