
Microsoft Visual Studio Solution File, Format Version 12.00
# Visual Studio Version 16
VisualStudioVersion = 16.0.28711.60
MinimumVisualStudioVersion = 10.0.40219.1
Project("{9A19103F-16F7-4668-BE54-9A1E7A4F7556}") = "UnitTests", "UnitTests\UnitTests.csproj", "{5BE27443-A06F-438D-B8D7-7FD3FA8DE796}"
EndProject
Project("{9A19103F-16F7-4668-BE54-9A1E7A4F7556}") = "App", "App\App.csproj", "{8AEE9F5F-A076-4D2F-9E6C-CD1EBF0DC70D}"
EndProject
Global
	GlobalSection(SolutionConfigurationPlatforms) = preSolution
		Debug|Any CPU = Debug|Any CPU
		Release|Any CPU = Release|Any CPU
	EndGlobalSection
	GlobalSection(ProjectConfigurationPlatforms) = postSolution
		{5BE27443-A06F-438D-B8D7-7FD3FA8DE796}.Debug|Any CPU.ActiveCfg = Debug|Any CPU
		{5BE27443-A06F-438D-B8D7-7FD3FA8DE796}.Debug|Any CPU.Build.0 = Debug|Any CPU
		{5BE27443-A06F-438D-B8D7-7FD3FA8DE796}.Release|Any CPU.ActiveCfg = Release|Any CPU
		{5BE27443-A06F-438D-B8D7-7FD3FA8DE796}.Release|Any CPU.Build.0 = Release|Any CPU
		{8AEE9F5F-A076-4D2F-9E6C-CD1EBF0DC70D}.Debug|Any CPU.ActiveCfg = Debug|Any CPU
		{8AEE9F5F-A076-4D2F-9E6C-CD1EBF0DC70D}.Debug|Any CPU.Build.0 = Debug|Any CPU
		{8AEE9F5F-A076-4D2F-9E6C-CD1EBF0DC70D}.Release|Any CPU.ActiveCfg = Release|Any CPU
		{8AEE9F5F-A076-4D2F-9E6C-CD1EBF0DC70D}.Release|Any CPU.Build.0 = Release|Any CPU
	EndGlobalSection
	GlobalSection(SolutionProperties) = preSolution
		HideSolutionNode = FALSE
	EndGlobalSection
	GlobalSection(ExtensibilityGlobals) = postSolution
		SolutionGuid = {EB51170A-66EB-43ED-9549-C5F88DABD5D5}
	EndGlobalSection
EndGlobal
